{
  "name": "text2tab",
  "version": "1.0.0",
  "lockfileVersion": 1,
  "requires": true,
  "dependencies": {
    "@abaplint/cli": {
      "version": "2.102.7",
      "resolved": "https://registry.npmjs.org/@abaplint/cli/-/cli-2.102.7.tgz",
      "integrity": "sha512-C1Fr8RvD+G6jCsys2UM2NbA7O0q9eIfy3ywOyQ+Sl63B8LHUoLh+Fka8vwuf/m7ZYu4ZLPXS+UO/xG+5bKWUfQ=="
    },
    "@abaplint/runtime": {
      "version": "1.8.40",
      "resolved": "https://registry.npmjs.org/@abaplint/runtime/-/runtime-1.8.40.tgz",
      "integrity": "sha512-mI3cHzNIOtJZ/5mC8SksFtaF31z3owVct/Ckq6MLi386CM+5obGQklCHS0IUkARd+1IgFuAj9yNz7z9P6Cywcg==",
      "requires": {
        "sql.js": "^1.6.2"
      }
    },
    "@abaplint/transpiler-cli": {
      "version": "1.8.40",
      "resolved": "https://registry.npmjs.org/@abaplint/transpiler-cli/-/transpiler-cli-1.8.40.tgz",
      "integrity": "sha512-2yN3aun9le122fxYCXYcpfwz9tSnyfoQwFG1K0Kp+1jgscCs+1mJTKjknqN53rm0zGh2MjA6FKDS+ZcwsxzYDw=="
    },
    "sql.js": {
      "version": "1.8.0",
      "resolved": "https://registry.npmjs.org/sql.js/-/sql.js-1.8.0.tgz",
      "integrity": "sha512-3HD8pSkZL+5YvYUI8nlvNILs61ALqq34xgmF+BHpqxe68yZIJ1H+sIVIODvni25+CcxHUxDyrTJUL0lE/m7afw=="
    }
  }
}
