{
  "name": "text2tab",
  "version": "1.0.0",
  "lockfileVersion": 1,
  "requires": true,
  "dependencies": {
    "@abaplint/cli": {
      "version": "2.79.29",
      "resolved": "https://registry.npmjs.org/@abaplint/cli/-/cli-2.79.29.tgz",
      "integrity": "sha512-irRY2YXeEp4OMfqDaErckNTjls+i0f6xEqnLQMsSc2Dx8Yshdfk60RbxATjg6dfJYa0p3tT3zjGoFxmmlkotXQ=="
    },
    "@abaplint/runtime": {
      "version": "1.8.40",
      "resolved": "https://registry.npmjs.org/@abaplint/runtime/-/runtime-1.8.40.tgz",
      "integrity": "sha512-mI3cHzNIOtJZ/5mC8SksFtaF31z3owVct/Ckq6MLi386CM+5obGQklCHS0IUkARd+1IgFuAj9yNz7z9P6Cywcg==",
      "requires": {
        "sql.js": "^1.6.2"
      }
    },
    "@abaplint/transpiler-cli": {
      "version": "1.6.47",
      "resolved": "https://registry.npmjs.org/@abaplint/transpiler-cli/-/transpiler-cli-1.6.47.tgz",
      "integrity": "sha512-FSghTSkdJPzee5hJm3o2/xsjshJLswyJiPNEDG0wLW3oLOwzOmcvyW8bL0z49BjLrnom5xIqRRqUrZBxRRSuwQ=="
    },
    "sql.js": {
      "version": "1.8.0",
      "resolved": "https://registry.npmjs.org/sql.js/-/sql.js-1.8.0.tgz",
      "integrity": "sha512-3HD8pSkZL+5YvYUI8nlvNILs61ALqq34xgmF+BHpqxe68yZIJ1H+sIVIODvni25+CcxHUxDyrTJUL0lE/m7afw=="
    }
  }
}
